{
  "name": "highlight-text",
  "version": "0.0.0",
  "lockfileVersion": 1,
  "requires": true,
  "dependencies": {
    "remark-mark": {
      "version": "0.0.0",
      "resolved": "https://registry.npmjs.org/remark-mark/-/remark-mark-0.0.0.tgz",
      "integrity": "sha512-B3ssahH0EcrGFf4nn5LFs2UgDNG5imLsm/iuDAojSYeIYC04iAtnZFG6IuIpbUPKzeP9fE2AUzTElgb43oLZJw=="
    }
  }
}
